// !$*UTF8*$!
{
	archiveVersion = 1;
	classes = {
	};
	objectVersion = 50;
	objects = {

/* Begin PBXBuildFile section */
		4FBC0FC524653E930052DB8A /* AppDelegate.swift in Sources */ = {isa = PBXBuildFile; fileRef = 4FBC0FC424653E930052DB8A /* AppDelegate.swift */; };
		4FBC0FC724653E930052DB8A /* SceneDelegate.swift in Sources */ = {isa = PBXBuildFile; fileRef = 4FBC0FC624653E930052DB8A /* SceneDelegate.swift */; };
		4FBC0FD124653E930052DB8A /* Stretching.xcdatamodeld in Sources */ = {isa = PBXBuildFile; fileRef = 4FBC0FCF24653E930052DB8A /* Stretching.xcdatamodeld */; };
		4FBC0FD324653E940052DB8A /* Assets.xcassets in Resources */ = {isa = PBXBuildFile; fileRef = 4FBC0FD224653E940052DB8A /* Assets.xcassets */; };
		4FC8202224790CCB006DAFB4 /* FilterPracticeCollectionViewCell.swift in Sources */ = {isa = PBXBuildFile; fileRef = 4FC8202024790CCB006DAFB4 /* FilterPracticeCollectionViewCell.swift */; };
		4FC8202324790CCB006DAFB4 /* FilterPracticeCollectionViewCell.xib in Resources */ = {isa = PBXBuildFile; fileRef = 4FC8202124790CCB006DAFB4 /* FilterPracticeCollectionViewCell.xib */; };
		4FC8202C247913E3006DAFB4 /* ScaledCollectionFlowLayout.swift in Sources */ = {isa = PBXBuildFile; fileRef = 4FC8202B247913E3006DAFB4 /* ScaledCollectionFlowLayout.swift */; };
		4FC8202F247918C2006DAFB4 /* String+Extension.swift in Sources */ = {isa = PBXBuildFile; fileRef = 4FC8202E247918C2006DAFB4 /* String+Extension.swift */; };
		4FC8203724791D44006DAFB4 /* CommonProfileCollectionViewCell.swift in Sources */ = {isa = PBXBuildFile; fileRef = 4FC8203524791D44006DAFB4 /* CommonProfileCollectionViewCell.swift */; };
		4FC8203824791D44006DAFB4 /* CommonProfileCollectionViewCell.xib in Resources */ = {isa = PBXBuildFile; fileRef = 4FC8203624791D44006DAFB4 /* CommonProfileCollectionViewCell.xib */; };
		4FC8203B24791D50006DAFB4 /* SignOutProfileCollectionViewCell.swift in Sources */ = {isa = PBXBuildFile; fileRef = 4FC8203924791D50006DAFB4 /* SignOutProfileCollectionViewCell.swift */; };
		4FC8203C24791D50006DAFB4 /* SignOutProfileCollectionViewCell.xib in Resources */ = {isa = PBXBuildFile; fileRef = 4FC8203A24791D50006DAFB4 /* SignOutProfileCollectionViewCell.xib */; };
		4FC8203F24791D5A006DAFB4 /* AccountProfileCollectionViewCell.swift in Sources */ = {isa = PBXBuildFile; fileRef = 4FC8203D24791D5A006DAFB4 /* AccountProfileCollectionViewCell.swift */; };
		4FC8204024791D5A006DAFB4 /* AccountProfileCollectionViewCell.xib in Resources */ = {isa = PBXBuildFile; fileRef = 4FC8203E24791D5A006DAFB4 /* AccountProfileCollectionViewCell.xib */; };
		4FC8204224792279006DAFB4 /* DashboardViewController.swift in Sources */ = {isa = PBXBuildFile; fileRef = 4FC8204124792279006DAFB4 /* DashboardViewController.swift */; };
		4FC82047247924BA006DAFB4 /* HeaderCommonProfileCollectionReusableView.swift in Sources */ = {isa = PBXBuildFile; fileRef = 4FC82045247924BA006DAFB4 /* HeaderCommonProfileCollectionReusableView.swift */; };
		4FC82048247924BA006DAFB4 /* HeaderCommonProfileCollectionReusableView.xib in Resources */ = {isa = PBXBuildFile; fileRef = 4FC82046247924BA006DAFB4 /* HeaderCommonProfileCollectionReusableView.xib */; };
		4FC8204C247AC428006DAFB4 /* SignInProfileCollectionViewCell.swift in Sources */ = {isa = PBXBuildFile; fileRef = 4FC8204B247AC428006DAFB4 /* SignInProfileCollectionViewCell.swift */; };
		4FC820AF247BFCD9006DAFB4 /* KeychainStorage.swift in Sources */ = {isa = PBXBuildFile; fileRef = 4FC820AE247BFCD8006DAFB4 /* KeychainStorage.swift */; };
		4FCDFBA32472732400BD5DB3 /* StretchingAssetKit.swift in Sources */ = {isa = PBXBuildFile; fileRef = 4FCDFBA22472732400BD5DB3 /* StretchingAssetKit.swift */; };
		4FCDFBEA2474084800BD5DB3 /* ExploreViewController.swift in Sources */ = {isa = PBXBuildFile; fileRef = 4FCDFBE92474084700BD5DB3 /* ExploreViewController.swift */; };
		4FCDFBEC2474085300BD5DB3 /* ExploreViewController.storyboard in Resources */ = {isa = PBXBuildFile; fileRef = 4FCDFBEB2474085300BD5DB3 /* ExploreViewController.storyboard */; };
		4FCDFBEF247408E700BD5DB3 /* PracticeViewController.storyboard in Resources */ = {isa = PBXBuildFile; fileRef = 4FCDFBEE247408E700BD5DB3 /* PracticeViewController.storyboard */; };
		4FCDFBF1247408F100BD5DB3 /* PracticeViewController.swift in Sources */ = {isa = PBXBuildFile; fileRef = 4FCDFBF0247408F100BD5DB3 /* PracticeViewController.swift */; };
		4FCDFBFA2474317200BD5DB3 /* RecommendStretchExploreCollectionViewCell.swift in Sources */ = {isa = PBXBuildFile; fileRef = 4FCDFBF82474317200BD5DB3 /* RecommendStretchExploreCollectionViewCell.swift */; };
		4FCDFBFB2474317200BD5DB3 /* RecommendStretchExploreCollectionViewCell.xib in Resources */ = {isa = PBXBuildFile; fileRef = 4FCDFBF92474317200BD5DB3 /* RecommendStretchExploreCollectionViewCell.xib */; };
		4FCDFBFF2474319700BD5DB3 /* TypeStretchExploreCollectionViewCell.swift in Sources */ = {isa = PBXBuildFile; fileRef = 4FCDFBFD2474319700BD5DB3 /* TypeStretchExploreCollectionViewCell.swift */; };
		4FCDFC002474319700BD5DB3 /* TypeStretchExploreCollectionViewCell.xib in Resources */ = {isa = PBXBuildFile; fileRef = 4FCDFBFE2474319700BD5DB3 /* TypeStretchExploreCollectionViewCell.xib */; };
		4FCDFC03247439B600BD5DB3 /* Stretch+DAOMapping.swift in Sources */ = {isa = PBXBuildFile; fileRef = 4FCDFC02247439B600BD5DB3 /* Stretch+DAOMapping.swift */; };
		4FCDFC0724743F9800BD5DB3 /* GuideStretch+DAOMapping.swift in Sources */ = {isa = PBXBuildFile; fileRef = 4FCDFC0624743F9800BD5DB3 /* GuideStretch+DAOMapping.swift */; };
		4FCDFC0B2474900000BD5DB3 /* DefaultHeaderExploreCollectionReusableView.swift in Sources */ = {isa = PBXBuildFile; fileRef = 4FCDFC092474900000BD5DB3 /* DefaultHeaderExploreCollectionReusableView.swift */; };
		4FCDFC0C2474900000BD5DB3 /* DefaultHeaderExploreCollectionReusableView.xib in Resources */ = {isa = PBXBuildFile; fileRef = 4FCDFC0A2474900000BD5DB3 /* DefaultHeaderExploreCollectionReusableView.xib */; };
		4FCDFC15247499E300BD5DB3 /* GreetingsExploreCollectionViewCell.swift in Sources */ = {isa = PBXBuildFile; fileRef = 4FCDFC13247499E300BD5DB3 /* GreetingsExploreCollectionViewCell.swift */; };
		4FCDFC16247499E300BD5DB3 /* GreetingsExploreCollectionViewCell.xib in Resources */ = {isa = PBXBuildFile; fileRef = 4FCDFC14247499E300BD5DB3 /* GreetingsExploreCollectionViewCell.xib */; };
		4FCDFC192474FDCE00BD5DB3 /* GuidePageStoryboard.storyboard in Resources */ = {isa = PBXBuildFile; fileRef = 4FCDFC182474FDCE00BD5DB3 /* GuidePageStoryboard.storyboard */; };
		4FCDFC1B2474FDD500BD5DB3 /* GuidePageViewController.swift in Sources */ = {isa = PBXBuildFile; fileRef = 4FCDFC1A2474FDD500BD5DB3 /* GuidePageViewController.swift */; };
		8D24D1AA24686A0A00C9B548 /* Montserrat-LightItalic.ttf in Resources */ = {isa = PBXBuildFile; fileRef = 8D24D19724686A0A00C9B548 /* Montserrat-LightItalic.ttf */; };
		8D24D1AB24686A0A00C9B548 /* Montserrat-Medium.ttf in Resources */ = {isa = PBXBuildFile; fileRef = 8D24D19824686A0A00C9B548 /* Montserrat-Medium.ttf */; };
		8D24D1AC24686A0A00C9B548 /* Montserrat-BoldItalic.ttf in Resources */ = {isa = PBXBuildFile; fileRef = 8D24D19924686A0A00C9B548 /* Montserrat-BoldItalic.ttf */; };
		8D24D1AD24686A0A00C9B548 /* Montserrat-Light.ttf in Resources */ = {isa = PBXBuildFile; fileRef = 8D24D19A24686A0A00C9B548 /* Montserrat-Light.ttf */; };
		8D24D1AE24686A0A00C9B548 /* Montserrat-ThinItalic.ttf in Resources */ = {isa = PBXBuildFile; fileRef = 8D24D19B24686A0A00C9B548 /* Montserrat-ThinItalic.ttf */; };
		8D24D1AF24686A0A00C9B548 /* Montserrat-ExtraLight.ttf in Resources */ = {isa = PBXBuildFile; fileRef = 8D24D19C24686A0A00C9B548 /* Montserrat-ExtraLight.ttf */; };
		8D24D1B024686A0A00C9B548 /* Montserrat-Thin.ttf in Resources */ = {isa = PBXBuildFile; fileRef = 8D24D19D24686A0A00C9B548 /* Montserrat-Thin.ttf */; };
		8D24D1B124686A0A00C9B548 /* Montserrat-Bold.ttf in Resources */ = {isa = PBXBuildFile; fileRef = 8D24D19E24686A0A00C9B548 /* Montserrat-Bold.ttf */; };
		8D24D1B224686A0A00C9B548 /* Montserrat-MediumItalic.ttf in Resources */ = {isa = PBXBuildFile; fileRef = 8D24D19F24686A0A00C9B548 /* Montserrat-MediumItalic.ttf */; };
		8D24D1B324686A0A00C9B548 /* Montserrat-BlackItalic.ttf in Resources */ = {isa = PBXBuildFile; fileRef = 8D24D1A024686A0A00C9B548 /* Montserrat-BlackItalic.ttf */; };
		8D24D1B424686A0A00C9B548 /* Montserrat-SemiBold.ttf in Resources */ = {isa = PBXBuildFile; fileRef = 8D24D1A124686A0A00C9B548 /* Montserrat-SemiBold.ttf */; };
		8D24D1B524686A0A00C9B548 /* Montserrat-ExtraLightItalic.ttf in Resources */ = {isa = PBXBuildFile; fileRef = 8D24D1A224686A0A00C9B548 /* Montserrat-ExtraLightItalic.ttf */; };
		8D24D1B624686A0A00C9B548 /* Montserrat-ExtraBold.ttf in Resources */ = {isa = PBXBuildFile; fileRef = 8D24D1A324686A0A00C9B548 /* Montserrat-ExtraBold.ttf */; };
		8D24D1B824686A0A00C9B548 /* Montserrat-Black.ttf in Resources */ = {isa = PBXBuildFile; fileRef = 8D24D1A524686A0A00C9B548 /* Montserrat-Black.ttf */; };
		8D24D1B924686A0A00C9B548 /* Montserrat-Regular.ttf in Resources */ = {isa = PBXBuildFile; fileRef = 8D24D1A624686A0A00C9B548 /* Montserrat-Regular.ttf */; };
		8D24D1BA24686A0A00C9B548 /* Montserrat-Italic.ttf in Resources */ = {isa = PBXBuildFile; fileRef = 8D24D1A724686A0A00C9B548 /* Montserrat-Italic.ttf */; };
		8D24D1BB24686A0A00C9B548 /* Montserrat-SemiBoldItalic.ttf in Resources */ = {isa = PBXBuildFile; fileRef = 8D24D1A824686A0A00C9B548 /* Montserrat-SemiBoldItalic.ttf */; };
		8D24D1BC24686A0A00C9B548 /* Montserrat-ExtraBoldItalic.ttf in Resources */ = {isa = PBXBuildFile; fileRef = 8D24D1A924686A0A00C9B548 /* Montserrat-ExtraBoldItalic.ttf */; };
		8D24D1BE24686E8C00C9B548 /* OnboardingViewController.swift in Sources */ = {isa = PBXBuildFile; fileRef = 8D24D1BD24686E8C00C9B548 /* OnboardingViewController.swift */; };
		8DDC28672465487200DD76C1 /* Main.storyboard in Resources */ = {isa = PBXBuildFile; fileRef = 8DDC28652465487200DD76C1 /* Main.storyboard */; };
		8DDC28682465487200DD76C1 /* LaunchScreen.storyboard in Resources */ = {isa = PBXBuildFile; fileRef = 8DDC28662465487200DD76C1 /* LaunchScreen.storyboard */; };
		EC413FA324725F86000C5B29 /* ProfileViewController.swift in Sources */ = {isa = PBXBuildFile; fileRef = EC413FA224725F86000C5B29 /* ProfileViewController.swift */; };
		EC413FB224728743000C5B29 /* RewardViewController.swift in Sources */ = {isa = PBXBuildFile; fileRef = EC413FB124728743000C5B29 /* RewardViewController.swift */; };
		EC413FB824728950000C5B29 /* RewardViewCell.swift in Sources */ = {isa = PBXBuildFile; fileRef = EC413FB624728950000C5B29 /* RewardViewCell.swift */; };
		EC413FB924728950000C5B29 /* RewardViewCell.xib in Resources */ = {isa = PBXBuildFile; fileRef = EC413FB724728950000C5B29 /* RewardViewCell.xib */; };
/* End PBXBuildFile section */

/* Begin PBXFileReference section */
		4FBC0FC124653E930052DB8A /* Stretching.app */ = {isa = PBXFileReference; explicitFileType = wrapper.application; includeInIndex = 0; path = Stretching.app; sourceTree = BUILT_PRODUCTS_DIR; };
		4FBC0FC424653E930052DB8A /* AppDelegate.swift */ = {isa = PBXFileReference; lastKnownFileType = sourcecode.swift; path = AppDelegate.swift; sourceTree = "<group>"; };
		4FBC0FC624653E930052DB8A /* SceneDelegate.swift */ = {isa = PBXFileReference; lastKnownFileType = sourcecode.swift; path = SceneDelegate.swift; sourceTree = "<group>"; };
		4FBC0FD024653E930052DB8A /* Stretching.xcdatamodel */ = {isa = PBXFileReference; lastKnownFileType = wrapper.xcdatamodel; path = Stretching.xcdatamodel; sourceTree = "<group>"; };
		4FBC0FD224653E940052DB8A /* Assets.xcassets */ = {isa = PBXFileReference; lastKnownFileType = folder.assetcatalog; path = Assets.xcassets; sourceTree = "<group>"; };
		4FBC0FD724653E950052DB8A /* Info.plist */ = {isa = PBXFileReference; lastKnownFileType = text.plist.xml; path = Info.plist; sourceTree = "<group>"; };
		4FC8202024790CCB006DAFB4 /* FilterPracticeCollectionViewCell.swift */ = {isa = PBXFileReference; lastKnownFileType = sourcecode.swift; path = FilterPracticeCollectionViewCell.swift; sourceTree = "<group>"; };
		4FC8202124790CCB006DAFB4 /* FilterPracticeCollectionViewCell.xib */ = {isa = PBXFileReference; lastKnownFileType = file.xib; path = FilterPracticeCollectionViewCell.xib; sourceTree = "<group>"; };
		4FC8202B247913E3006DAFB4 /* ScaledCollectionFlowLayout.swift */ = {isa = PBXFileReference; lastKnownFileType = sourcecode.swift; path = ScaledCollectionFlowLayout.swift; sourceTree = "<group>"; };
		4FC8202E247918C2006DAFB4 /* String+Extension.swift */ = {isa = PBXFileReference; lastKnownFileType = sourcecode.swift; path = "String+Extension.swift"; sourceTree = "<group>"; };
		4FC8203524791D44006DAFB4 /* CommonProfileCollectionViewCell.swift */ = {isa = PBXFileReference; lastKnownFileType = sourcecode.swift; path = CommonProfileCollectionViewCell.swift; sourceTree = "<group>"; };
		4FC8203624791D44006DAFB4 /* CommonProfileCollectionViewCell.xib */ = {isa = PBXFileReference; lastKnownFileType = file.xib; path = CommonProfileCollectionViewCell.xib; sourceTree = "<group>"; };
		4FC8203924791D50006DAFB4 /* SignOutProfileCollectionViewCell.swift */ = {isa = PBXFileReference; lastKnownFileType = sourcecode.swift; path = SignOutProfileCollectionViewCell.swift; sourceTree = "<group>"; };
		4FC8203A24791D50006DAFB4 /* SignOutProfileCollectionViewCell.xib */ = {isa = PBXFileReference; lastKnownFileType = file.xib; path = SignOutProfileCollectionViewCell.xib; sourceTree = "<group>"; };
		4FC8203D24791D5A006DAFB4 /* AccountProfileCollectionViewCell.swift */ = {isa = PBXFileReference; lastKnownFileType = sourcecode.swift; path = AccountProfileCollectionViewCell.swift; sourceTree = "<group>"; };
		4FC8203E24791D5A006DAFB4 /* AccountProfileCollectionViewCell.xib */ = {isa = PBXFileReference; lastKnownFileType = file.xib; path = AccountProfileCollectionViewCell.xib; sourceTree = "<group>"; };
		4FC8204124792279006DAFB4 /* DashboardViewController.swift */ = {isa = PBXFileReference; lastKnownFileType = sourcecode.swift; path = DashboardViewController.swift; sourceTree = "<group>"; };
		4FC82045247924BA006DAFB4 /* HeaderCommonProfileCollectionReusableView.swift */ = {isa = PBXFileReference; lastKnownFileType = sourcecode.swift; path = HeaderCommonProfileCollectionReusableView.swift; sourceTree = "<group>"; };
		4FC82046247924BA006DAFB4 /* HeaderCommonProfileCollectionReusableView.xib */ = {isa = PBXFileReference; lastKnownFileType = file.xib; path = HeaderCommonProfileCollectionReusableView.xib; sourceTree = "<group>"; };
		4FC820492479FD52006DAFB4 /* Stretching.entitlements */ = {isa = PBXFileReference; lastKnownFileType = text.plist.entitlements; path = Stretching.entitlements; sourceTree = "<group>"; };
		4FC8204B247AC428006DAFB4 /* SignInProfileCollectionViewCell.swift */ = {isa = PBXFileReference; lastKnownFileType = sourcecode.swift; path = SignInProfileCollectionViewCell.swift; sourceTree = "<group>"; };
		4FC820AE247BFCD8006DAFB4 /* KeychainStorage.swift */ = {isa = PBXFileReference; lastKnownFileType = sourcecode.swift; path = KeychainStorage.swift; sourceTree = "<group>"; };
		4FCDFBA22472732400BD5DB3 /* StretchingAssetKit.swift */ = {isa = PBXFileReference; lastKnownFileType = sourcecode.swift; path = StretchingAssetKit.swift; sourceTree = "<group>"; };
		4FCDFBE92474084700BD5DB3 /* ExploreViewController.swift */ = {isa = PBXFileReference; lastKnownFileType = sourcecode.swift; path = ExploreViewController.swift; sourceTree = "<group>"; };
		4FCDFBEB2474085300BD5DB3 /* ExploreViewController.storyboard */ = {isa = PBXFileReference; lastKnownFileType = file.storyboard; path = ExploreViewController.storyboard; sourceTree = "<group>"; };
		4FCDFBEE247408E700BD5DB3 /* PracticeViewController.storyboard */ = {isa = PBXFileReference; lastKnownFileType = file.storyboard; path = PracticeViewController.storyboard; sourceTree = "<group>"; };
		4FCDFBF0247408F100BD5DB3 /* PracticeViewController.swift */ = {isa = PBXFileReference; lastKnownFileType = sourcecode.swift; path = PracticeViewController.swift; sourceTree = "<group>"; };
		4FCDFBF82474317200BD5DB3 /* RecommendStretchExploreCollectionViewCell.swift */ = {isa = PBXFileReference; lastKnownFileType = sourcecode.swift; path = RecommendStretchExploreCollectionViewCell.swift; sourceTree = "<group>"; };
		4FCDFBF92474317200BD5DB3 /* RecommendStretchExploreCollectionViewCell.xib */ = {isa = PBXFileReference; lastKnownFileType = file.xib; path = RecommendStretchExploreCollectionViewCell.xib; sourceTree = "<group>"; };
		4FCDFBFD2474319700BD5DB3 /* TypeStretchExploreCollectionViewCell.swift */ = {isa = PBXFileReference; lastKnownFileType = sourcecode.swift; path = TypeStretchExploreCollectionViewCell.swift; sourceTree = "<group>"; };
		4FCDFBFE2474319700BD5DB3 /* TypeStretchExploreCollectionViewCell.xib */ = {isa = PBXFileReference; lastKnownFileType = file.xib; path = TypeStretchExploreCollectionViewCell.xib; sourceTree = "<group>"; };
		4FCDFC02247439B600BD5DB3 /* Stretch+DAOMapping.swift */ = {isa = PBXFileReference; lastKnownFileType = sourcecode.swift; path = "Stretch+DAOMapping.swift"; sourceTree = "<group>"; };
		4FCDFC0624743F9800BD5DB3 /* GuideStretch+DAOMapping.swift */ = {isa = PBXFileReference; lastKnownFileType = sourcecode.swift; path = "GuideStretch+DAOMapping.swift"; sourceTree = "<group>"; };
		4FCDFC092474900000BD5DB3 /* DefaultHeaderExploreCollectionReusableView.swift */ = {isa = PBXFileReference; lastKnownFileType = sourcecode.swift; path = DefaultHeaderExploreCollectionReusableView.swift; sourceTree = "<group>"; };
		4FCDFC0A2474900000BD5DB3 /* DefaultHeaderExploreCollectionReusableView.xib */ = {isa = PBXFileReference; lastKnownFileType = file.xib; path = DefaultHeaderExploreCollectionReusableView.xib; sourceTree = "<group>"; };
		4FCDFC13247499E300BD5DB3 /* GreetingsExploreCollectionViewCell.swift */ = {isa = PBXFileReference; lastKnownFileType = sourcecode.swift; path = GreetingsExploreCollectionViewCell.swift; sourceTree = "<group>"; };
		4FCDFC14247499E300BD5DB3 /* GreetingsExploreCollectionViewCell.xib */ = {isa = PBXFileReference; lastKnownFileType = file.xib; path = GreetingsExploreCollectionViewCell.xib; sourceTree = "<group>"; };
		4FCDFC182474FDCE00BD5DB3 /* GuidePageStoryboard.storyboard */ = {isa = PBXFileReference; fileEncoding = 4; lastKnownFileType = file.storyboard; path = GuidePageStoryboard.storyboard; sourceTree = "<group>"; };
		4FCDFC1A2474FDD500BD5DB3 /* GuidePageViewController.swift */ = {isa = PBXFileReference; fileEncoding = 4; lastKnownFileType = sourcecode.swift; path = GuidePageViewController.swift; sourceTree = "<group>"; };
		8D24D19724686A0A00C9B548 /* Montserrat-LightItalic.ttf */ = {isa = PBXFileReference; lastKnownFileType = file; path = "Montserrat-LightItalic.ttf"; sourceTree = "<group>"; };
		8D24D19824686A0A00C9B548 /* Montserrat-Medium.ttf */ = {isa = PBXFileReference; lastKnownFileType = file; path = "Montserrat-Medium.ttf"; sourceTree = "<group>"; };
		8D24D19924686A0A00C9B548 /* Montserrat-BoldItalic.ttf */ = {isa = PBXFileReference; lastKnownFileType = file; path = "Montserrat-BoldItalic.ttf"; sourceTree = "<group>"; };
		8D24D19A24686A0A00C9B548 /* Montserrat-Light.ttf */ = {isa = PBXFileReference; lastKnownFileType = file; path = "Montserrat-Light.ttf"; sourceTree = "<group>"; };
		8D24D19B24686A0A00C9B548 /* Montserrat-ThinItalic.ttf */ = {isa = PBXFileReference; lastKnownFileType = file; path = "Montserrat-ThinItalic.ttf"; sourceTree = "<group>"; };
		8D24D19C24686A0A00C9B548 /* Montserrat-ExtraLight.ttf */ = {isa = PBXFileReference; lastKnownFileType = file; path = "Montserrat-ExtraLight.ttf"; sourceTree = "<group>"; };
		8D24D19D24686A0A00C9B548 /* Montserrat-Thin.ttf */ = {isa = PBXFileReference; lastKnownFileType = file; path = "Montserrat-Thin.ttf"; sourceTree = "<group>"; };
		8D24D19E24686A0A00C9B548 /* Montserrat-Bold.ttf */ = {isa = PBXFileReference; lastKnownFileType = file; path = "Montserrat-Bold.ttf"; sourceTree = "<group>"; };
		8D24D19F24686A0A00C9B548 /* Montserrat-MediumItalic.ttf */ = {isa = PBXFileReference; lastKnownFileType = file; path = "Montserrat-MediumItalic.ttf"; sourceTree = "<group>"; };
		8D24D1A024686A0A00C9B548 /* Montserrat-BlackItalic.ttf */ = {isa = PBXFileReference; lastKnownFileType = file; path = "Montserrat-BlackItalic.ttf"; sourceTree = "<group>"; };
		8D24D1A124686A0A00C9B548 /* Montserrat-SemiBold.ttf */ = {isa = PBXFileReference; lastKnownFileType = file; path = "Montserrat-SemiBold.ttf"; sourceTree = "<group>"; };
		8D24D1A224686A0A00C9B548 /* Montserrat-ExtraLightItalic.ttf */ = {isa = PBXFileReference; lastKnownFileType = file; path = "Montserrat-ExtraLightItalic.ttf"; sourceTree = "<group>"; };
		8D24D1A324686A0A00C9B548 /* Montserrat-ExtraBold.ttf */ = {isa = PBXFileReference; lastKnownFileType = file; path = "Montserrat-ExtraBold.ttf"; sourceTree = "<group>"; };
		8D24D1A524686A0A00C9B548 /* Montserrat-Black.ttf */ = {isa = PBXFileReference; lastKnownFileType = file; path = "Montserrat-Black.ttf"; sourceTree = "<group>"; };
		8D24D1A624686A0A00C9B548 /* Montserrat-Regular.ttf */ = {isa = PBXFileReference; lastKnownFileType = file; path = "Montserrat-Regular.ttf"; sourceTree = "<group>"; };
		8D24D1A724686A0A00C9B548 /* Montserrat-Italic.ttf */ = {isa = PBXFileReference; lastKnownFileType = file; path = "Montserrat-Italic.ttf"; sourceTree = "<group>"; };
		8D24D1A824686A0A00C9B548 /* Montserrat-SemiBoldItalic.ttf */ = {isa = PBXFileReference; lastKnownFileType = file; path = "Montserrat-SemiBoldItalic.ttf"; sourceTree = "<group>"; };
		8D24D1A924686A0A00C9B548 /* Montserrat-ExtraBoldItalic.ttf */ = {isa = PBXFileReference; lastKnownFileType = file; path = "Montserrat-ExtraBoldItalic.ttf"; sourceTree = "<group>"; };
		8D24D1BD24686E8C00C9B548 /* OnboardingViewController.swift */ = {isa = PBXFileReference; lastKnownFileType = sourcecode.swift; path = OnboardingViewController.swift; sourceTree = "<group>"; };
		8DDC28652465487200DD76C1 /* Main.storyboard */ = {isa = PBXFileReference; fileEncoding = 4; lastKnownFileType = file.storyboard; path = Main.storyboard; sourceTree = "<group>"; };
		8DDC28662465487200DD76C1 /* LaunchScreen.storyboard */ = {isa = PBXFileReference; fileEncoding = 4; lastKnownFileType = file.storyboard; path = LaunchScreen.storyboard; sourceTree = "<group>"; };
		EC413FA224725F86000C5B29 /* ProfileViewController.swift */ = {isa = PBXFileReference; lastKnownFileType = sourcecode.swift; path = ProfileViewController.swift; sourceTree = "<group>"; };
		EC413FB124728743000C5B29 /* RewardViewController.swift */ = {isa = PBXFileReference; lastKnownFileType = sourcecode.swift; path = RewardViewController.swift; sourceTree = "<group>"; };
		EC413FB624728950000C5B29 /* RewardViewCell.swift */ = {isa = PBXFileReference; lastKnownFileType = sourcecode.swift; path = RewardViewCell.swift; sourceTree = "<group>"; };
		EC413FB724728950000C5B29 /* RewardViewCell.xib */ = {isa = PBXFileReference; lastKnownFileType = file.xib; path = RewardViewCell.xib; sourceTree = "<group>"; };
/* End PBXFileReference section */

/* Begin PBXFrameworksBuildPhase section */
		4FBC0FBE24653E930052DB8A /* Frameworks */ = {
			isa = PBXFrameworksBuildPhase;
			buildActionMask = 2147483647;
			files = (
			);
			runOnlyForDeploymentPostprocessing = 0;
		};
/* End PBXFrameworksBuildPhase section */

/* Begin PBXGroup section */
		4FBC0FB824653E930052DB8A = {
			isa = PBXGroup;
			children = (
				4FBC0FC324653E930052DB8A /* Stretching */,
				4FBC0FC224653E930052DB8A /* Products */,
			);
			sourceTree = "<group>";
		};
		4FBC0FC224653E930052DB8A /* Products */ = {
			isa = PBXGroup;
			children = (
				4FBC0FC124653E930052DB8A /* Stretching.app */,
			);
			name = Products;
			sourceTree = "<group>";
		};
		4FBC0FC324653E930052DB8A /* Stretching */ = {
			isa = PBXGroup;
			children = (
				4FC820492479FD52006DAFB4 /* Stretching.entitlements */,
				4FBC0FDD24653ECA0052DB8A /* Application */,
				4FBC0FE024653EF90052DB8A /* Data */,
				4FBC0FDE24653EEA0052DB8A /* Presentation */,
				4FBC0FDF24653EF20052DB8A /* Resources */,
			);
			path = Stretching;
			sourceTree = "<group>";
		};
		4FBC0FDD24653ECA0052DB8A /* Application */ = {
			isa = PBXGroup;
			children = (
				4FBC0FC424653E930052DB8A /* AppDelegate.swift */,
				4FBC0FC624653E930052DB8A /* SceneDelegate.swift */,
			);
			path = Application;
			sourceTree = "<group>";
		};
		4FBC0FDE24653EEA0052DB8A /* Presentation */ = {
			isa = PBXGroup;
			children = (
				8DDC28662465487200DD76C1 /* LaunchScreen.storyboard */,
				8DDC28652465487200DD76C1 /* Main.storyboard */,
				4FC8204124792279006DAFB4 /* DashboardViewController.swift */,
				8D24D1BD24686E8C00C9B548 /* OnboardingViewController.swift */,
				EC413FB124728743000C5B29 /* RewardViewController.swift */,
				4FCDFBE82474074E00BD5DB3 /* ExploreScene */,
				4FCDFE2F24766B8D00BD5DB3 /* GuideScene */,
				4FCDFBED247408A400BD5DB3 /* PracticeScene */,
				4FC8203024791B5E006DAFB4 /* ProfileScene */,
				EC413FB5247288F4000C5B29 /* RewardCell */,
				4FCDFBA12472731200BD5DB3 /* Utils */,
			);
			path = Presentation;
			sourceTree = "<group>";
		};
		4FBC0FDF24653EF20052DB8A /* Resources */ = {
			isa = PBXGroup;
			children = (
				4FBC0FD724653E950052DB8A /* Info.plist */,
				4FBC0FD224653E940052DB8A /* Assets.xcassets */,
				8D24D19624686A0A00C9B548 /* Montserrat */,
			);
			path = Resources;
			sourceTree = "<group>";
		};
		4FBC0FE024653EF90052DB8A /* Data */ = {
			isa = PBXGroup;
			children = (
				4FC820AD247BFCC9006DAFB4 /* KeychainStorage */,
				4FCDFC012474396B00BD5DB3 /* DAO+Mapping */,
				4FBC0FCF24653E930052DB8A /* Stretching.xcdatamodeld */,
			);
			path = Data;
			sourceTree = "<group>";
		};
		4FC8201E24790CB2006DAFB4 /* CollectionCell */ = {
			isa = PBXGroup;
			children = (
				4FC8201F24790CB9006DAFB4 /* Filter */,
			);
			path = CollectionCell;
			sourceTree = "<group>";
		};
		4FC8201F24790CB9006DAFB4 /* Filter */ = {
			isa = PBXGroup;
			children = (
				4FC8202024790CCB006DAFB4 /* FilterPracticeCollectionViewCell.swift */,
				4FC8202124790CCB006DAFB4 /* FilterPracticeCollectionViewCell.xib */,
			);
			path = Filter;
			sourceTree = "<group>";
		};
		4FC8202A247913D1006DAFB4 /* CollectionView */ = {
			isa = PBXGroup;
			children = (
				4FC8202B247913E3006DAFB4 /* ScaledCollectionFlowLayout.swift */,
			);
			path = CollectionView;
			sourceTree = "<group>";
		};
		4FC8202D247918B4006DAFB4 /* Extension */ = {
			isa = PBXGroup;
			children = (
				4FC8202E247918C2006DAFB4 /* String+Extension.swift */,
			);
			path = Extension;
			sourceTree = "<group>";
		};
		4FC8203024791B5E006DAFB4 /* ProfileScene */ = {
			isa = PBXGroup;
			children = (
				EC413FA224725F86000C5B29 /* ProfileViewController.swift */,
				4FC8203124791D00006DAFB4 /* CollectionCell */,
			);
			path = ProfileScene;
			sourceTree = "<group>";
		};
		4FC8203124791D00006DAFB4 /* CollectionCell */ = {
			isa = PBXGroup;
			children = (
				4FC8204A247AC405006DAFB4 /* SignIn */,
				4FC82044247924A0006DAFB4 /* HeaderCommon */,
				4FC8203224791D1B006DAFB4 /* Account */,
				4FC8203324791D25006DAFB4 /* Common */,
				4FC8203424791D2B006DAFB4 /* SignOut */,
			);
			path = CollectionCell;
			sourceTree = "<group>";
		};
		4FC8203224791D1B006DAFB4 /* Account */ = {
			isa = PBXGroup;
			children = (
				4FC8203D24791D5A006DAFB4 /* AccountProfileCollectionViewCell.swift */,
				4FC8203E24791D5A006DAFB4 /* AccountProfileCollectionViewCell.xib */,
			);
			path = Account;
			sourceTree = "<group>";
		};
		4FC8203324791D25006DAFB4 /* Common */ = {
			isa = PBXGroup;
			children = (
				4FC8203524791D44006DAFB4 /* CommonProfileCollectionViewCell.swift */,
				4FC8203624791D44006DAFB4 /* CommonProfileCollectionViewCell.xib */,
			);
			path = Common;
			sourceTree = "<group>";
		};
		4FC8203424791D2B006DAFB4 /* SignOut */ = {
			isa = PBXGroup;
			children = (
				4FC8203924791D50006DAFB4 /* SignOutProfileCollectionViewCell.swift */,
				4FC8203A24791D50006DAFB4 /* SignOutProfileCollectionViewCell.xib */,
			);
			path = SignOut;
			sourceTree = "<group>";
		};
		4FC82044247924A0006DAFB4 /* HeaderCommon */ = {
			isa = PBXGroup;
			children = (
				4FC82045247924BA006DAFB4 /* HeaderCommonProfileCollectionReusableView.swift */,
				4FC82046247924BA006DAFB4 /* HeaderCommonProfileCollectionReusableView.xib */,
			);
			path = HeaderCommon;
			sourceTree = "<group>";
		};
		4FC8204A247AC405006DAFB4 /* SignIn */ = {
			isa = PBXGroup;
			children = (
				4FC8204B247AC428006DAFB4 /* SignInProfileCollectionViewCell.swift */,
			);
			path = SignIn;
			sourceTree = "<group>";
		};
		4FC820AD247BFCC9006DAFB4 /* KeychainStorage */ = {
			isa = PBXGroup;
			children = (
				4FC820AE247BFCD8006DAFB4 /* KeychainStorage.swift */,
			);
			path = KeychainStorage;
			sourceTree = "<group>";
		};
		4FCDFBA12472731200BD5DB3 /* Utils */ = {
			isa = PBXGroup;
			children = (
				4FCDFBA22472732400BD5DB3 /* StretchingAssetKit.swift */,
				4FC8202A247913D1006DAFB4 /* CollectionView */,
				4FC8202D247918B4006DAFB4 /* Extension */,
			);
			path = Utils;
			sourceTree = "<group>";
		};
		4FCDFBE82474074E00BD5DB3 /* ExploreScene */ = {
			isa = PBXGroup;
			children = (
				4FCDFBEB2474085300BD5DB3 /* ExploreViewController.storyboard */,
				4FCDFBE92474084700BD5DB3 /* ExploreViewController.swift */,
				4FCDFBF22474312200BD5DB3 /* CollectionCell */,
			);
			path = ExploreScene;
			sourceTree = "<group>";
		};
		4FCDFBED247408A400BD5DB3 /* PracticeScene */ = {
			isa = PBXGroup;
			children = (
				4FCDFBEE247408E700BD5DB3 /* PracticeViewController.storyboard */,
				4FCDFBF0247408F100BD5DB3 /* PracticeViewController.swift */,
				4FC8201E24790CB2006DAFB4 /* CollectionCell */,
			);
			path = PracticeScene;
			sourceTree = "<group>";
		};
		4FCDFBF22474312200BD5DB3 /* CollectionCell */ = {
			isa = PBXGroup;
			children = (
				4FCDFC0824748FE000BD5DB3 /* DefaultHeader */,
				4FCDFC122474992200BD5DB3 /* Greetings */,
				4FCDFBFC2474317500BD5DB3 /* TypeStretch */,
				4FCDFBF72474316100BD5DB3 /* RecommendedStretch */,
			);
			path = CollectionCell;
			sourceTree = "<group>";
		};
		4FCDFBF72474316100BD5DB3 /* RecommendedStretch */ = {
			isa = PBXGroup;
			children = (
				4FCDFBF82474317200BD5DB3 /* RecommendStretchExploreCollectionViewCell.swift */,
				4FCDFBF92474317200BD5DB3 /* RecommendStretchExploreCollectionViewCell.xib */,
			);
			path = RecommendedStretch;
			sourceTree = "<group>";
		};
		4FCDFBFC2474317500BD5DB3 /* TypeStretch */ = {
			isa = PBXGroup;
			children = (
				4FCDFBFD2474319700BD5DB3 /* TypeStretchExploreCollectionViewCell.swift */,
				4FCDFBFE2474319700BD5DB3 /* TypeStretchExploreCollectionViewCell.xib */,
			);
			path = TypeStretch;
			sourceTree = "<group>";
		};
		4FCDFC012474396B00BD5DB3 /* DAO+Mapping */ = {
			isa = PBXGroup;
			children = (
				4FCDFC02247439B600BD5DB3 /* Stretch+DAOMapping.swift */,
				4FCDFC0624743F9800BD5DB3 /* GuideStretch+DAOMapping.swift */,
			);
			path = "DAO+Mapping";
			sourceTree = "<group>";
		};
		4FCDFC0824748FE000BD5DB3 /* DefaultHeader */ = {
			isa = PBXGroup;
			children = (
				4FCDFC092474900000BD5DB3 /* DefaultHeaderExploreCollectionReusableView.swift */,
				4FCDFC0A2474900000BD5DB3 /* DefaultHeaderExploreCollectionReusableView.xib */,
			);
			path = DefaultHeader;
			sourceTree = "<group>";
		};
		4FCDFC122474992200BD5DB3 /* Greetings */ = {
			isa = PBXGroup;
			children = (
				4FCDFC13247499E300BD5DB3 /* GreetingsExploreCollectionViewCell.swift */,
				4FCDFC14247499E300BD5DB3 /* GreetingsExploreCollectionViewCell.xib */,
			);
			path = Greetings;
			sourceTree = "<group>";
		};
		4FCDFE2F24766B8D00BD5DB3 /* GuideScene */ = {
			isa = PBXGroup;
			children = (
				4FCDFC1A2474FDD500BD5DB3 /* GuidePageViewController.swift */,
				4FCDFC182474FDCE00BD5DB3 /* GuidePageStoryboard.storyboard */,
			);
			path = GuideScene;
			sourceTree = "<group>";
		};
		8D24D19624686A0A00C9B548 /* Montserrat */ = {
			isa = PBXGroup;
			children = (
				8D24D19724686A0A00C9B548 /* Montserrat-LightItalic.ttf */,
				8D24D19824686A0A00C9B548 /* Montserrat-Medium.ttf */,
				8D24D19924686A0A00C9B548 /* Montserrat-BoldItalic.ttf */,
				8D24D19A24686A0A00C9B548 /* Montserrat-Light.ttf */,
				8D24D19B24686A0A00C9B548 /* Montserrat-ThinItalic.ttf */,
				8D24D19C24686A0A00C9B548 /* Montserrat-ExtraLight.ttf */,
				8D24D19D24686A0A00C9B548 /* Montserrat-Thin.ttf */,
				8D24D19E24686A0A00C9B548 /* Montserrat-Bold.ttf */,
				8D24D19F24686A0A00C9B548 /* Montserrat-MediumItalic.ttf */,
				8D24D1A024686A0A00C9B548 /* Montserrat-BlackItalic.ttf */,
				8D24D1A124686A0A00C9B548 /* Montserrat-SemiBold.ttf */,
				8D24D1A224686A0A00C9B548 /* Montserrat-ExtraLightItalic.ttf */,
				8D24D1A324686A0A00C9B548 /* Montserrat-ExtraBold.ttf */,
				8D24D1A524686A0A00C9B548 /* Montserrat-Black.ttf */,
				8D24D1A624686A0A00C9B548 /* Montserrat-Regular.ttf */,
				8D24D1A724686A0A00C9B548 /* Montserrat-Italic.ttf */,
				8D24D1A824686A0A00C9B548 /* Montserrat-SemiBoldItalic.ttf */,
				8D24D1A924686A0A00C9B548 /* Montserrat-ExtraBoldItalic.ttf */,
			);
			path = Montserrat;
			sourceTree = "<group>";
		};
		EC413FB5247288F4000C5B29 /* RewardCell */ = {
			isa = PBXGroup;
			children = (
				EC413FB624728950000C5B29 /* RewardViewCell.swift */,
				EC413FB724728950000C5B29 /* RewardViewCell.xib */,
			);
			path = RewardCell;
			sourceTree = "<group>";
		};
/* End PBXGroup section */

/* Begin PBXNativeTarget section */
		4FBC0FC024653E930052DB8A /* Stretching */ = {
			isa = PBXNativeTarget;
			buildConfigurationList = 4FBC0FDA24653E950052DB8A /* Build configuration list for PBXNativeTarget "Stretching" */;
			buildPhases = (
				4FBC0FBD24653E930052DB8A /* Sources */,
				4FBC0FBE24653E930052DB8A /* Frameworks */,
				4FBC0FBF24653E930052DB8A /* Resources */,
			);
			buildRules = (
			);
			dependencies = (
			);
			name = Stretching;
			productName = Stretching;
			productReference = 4FBC0FC124653E930052DB8A /* Stretching.app */;
			productType = "com.apple.product-type.application";
		};
/* End PBXNativeTarget section */

/* Begin PBXProject section */
		4FBC0FB924653E930052DB8A /* Project object */ = {
			isa = PBXProject;
			attributes = {
				LastSwiftUpdateCheck = 1140;
				LastUpgradeCheck = 1140;
				ORGANIZATIONNAME = "MC2-11";
				TargetAttributes = {
					4FBC0FC024653E930052DB8A = {
						CreatedOnToolsVersion = 11.4.1;
					};
				};
			};
			buildConfigurationList = 4FBC0FBC24653E930052DB8A /* Build configuration list for PBXProject "Stretching" */;
			compatibilityVersion = "Xcode 9.3";
			developmentRegion = en;
			hasScannedForEncodings = 0;
			knownRegions = (
				en,
				Base,
			);
			mainGroup = 4FBC0FB824653E930052DB8A;
			productRefGroup = 4FBC0FC224653E930052DB8A /* Products */;
			projectDirPath = "";
			projectRoot = "";
			targets = (
				4FBC0FC024653E930052DB8A /* Stretching */,
			);
		};
/* End PBXProject section */

/* Begin PBXResourcesBuildPhase section */
		4FBC0FBF24653E930052DB8A /* Resources */ = {
			isa = PBXResourcesBuildPhase;
			buildActionMask = 2147483647;
			files = (
				8D24D1B624686A0A00C9B548 /* Montserrat-ExtraBold.ttf in Resources */,
				8DDC28672465487200DD76C1 /* Main.storyboard in Resources */,
				8D24D1B324686A0A00C9B548 /* Montserrat-BlackItalic.ttf in Resources */,
				4FC8204024791D5A006DAFB4 /* AccountProfileCollectionViewCell.xib in Resources */,
				4FCDFC002474319700BD5DB3 /* TypeStretchExploreCollectionViewCell.xib in Resources */,
				8D24D1B224686A0A00C9B548 /* Montserrat-MediumItalic.ttf in Resources */,
				8D24D1AC24686A0A00C9B548 /* Montserrat-BoldItalic.ttf in Resources */,
				8D24D1BA24686A0A00C9B548 /* Montserrat-Italic.ttf in Resources */,
				8D24D1BC24686A0A00C9B548 /* Montserrat-ExtraBoldItalic.ttf in Resources */,
				8DDC28682465487200DD76C1 /* LaunchScreen.storyboard in Resources */,
				8D24D1AD24686A0A00C9B548 /* Montserrat-Light.ttf in Resources */,
				8D24D1B924686A0A00C9B548 /* Montserrat-Regular.ttf in Resources */,
				4FC8203824791D44006DAFB4 /* CommonProfileCollectionViewCell.xib in Resources */,
				4FCDFC16247499E300BD5DB3 /* GreetingsExploreCollectionViewCell.xib in Resources */,
				EC413FB924728950000C5B29 /* RewardViewCell.xib in Resources */,
				8D24D1AE24686A0A00C9B548 /* Montserrat-ThinItalic.ttf in Resources */,
				8D24D1AA24686A0A00C9B548 /* Montserrat-LightItalic.ttf in Resources */,
				8D24D1BB24686A0A00C9B548 /* Montserrat-SemiBoldItalic.ttf in Resources */,
				8D24D1B524686A0A00C9B548 /* Montserrat-ExtraLightItalic.ttf in Resources */,
				4FCDFBFB2474317200BD5DB3 /* RecommendStretchExploreCollectionViewCell.xib in Resources */,
				8D24D1B424686A0A00C9B548 /* Montserrat-SemiBold.ttf in Resources */,
				4FCDFC0C2474900000BD5DB3 /* DefaultHeaderExploreCollectionReusableView.xib in Resources */,
				8D24D1B824686A0A00C9B548 /* Montserrat-Black.ttf in Resources */,
				4FC8203C24791D50006DAFB4 /* SignOutProfileCollectionViewCell.xib in Resources */,
				8D24D1B024686A0A00C9B548 /* Montserrat-Thin.ttf in Resources */,
				4FCDFBEC2474085300BD5DB3 /* ExploreViewController.storyboard in Resources */,
				4FCDFBEF247408E700BD5DB3 /* PracticeViewController.storyboard in Resources */,
				8D24D1B124686A0A00C9B548 /* Montserrat-Bold.ttf in Resources */,
				4FCDFC192474FDCE00BD5DB3 /* GuidePageStoryboard.storyboard in Resources */,
				4FC82048247924BA006DAFB4 /* HeaderCommonProfileCollectionReusableView.xib in Resources */,
				8D24D1AB24686A0A00C9B548 /* Montserrat-Medium.ttf in Resources */,
				4FBC0FD324653E940052DB8A /* Assets.xcassets in Resources */,
				4FC8202324790CCB006DAFB4 /* FilterPracticeCollectionViewCell.xib in Resources */,
				8D24D1AF24686A0A00C9B548 /* Montserrat-ExtraLight.ttf in Resources */,
			);
			runOnlyForDeploymentPostprocessing = 0;
		};
/* End PBXResourcesBuildPhase section */

/* Begin PBXSourcesBuildPhase section */
		4FBC0FBD24653E930052DB8A /* Sources */ = {
			isa = PBXSourcesBuildPhase;
			buildActionMask = 2147483647;
			files = (
				4FC8204C247AC428006DAFB4 /* SignInProfileCollectionViewCell.swift in Sources */,
				EC413FB224728743000C5B29 /* RewardViewController.swift in Sources */,
				4FBC0FD124653E930052DB8A /* Stretching.xcdatamodeld in Sources */,
				8D24D1BE24686E8C00C9B548 /* OnboardingViewController.swift in Sources */,
				4FCDFBA32472732400BD5DB3 /* StretchingAssetKit.swift in Sources */,
				4FCDFC15247499E300BD5DB3 /* GreetingsExploreCollectionViewCell.swift in Sources */,
				4FCDFBFF2474319700BD5DB3 /* TypeStretchExploreCollectionViewCell.swift in Sources */,
				4FCDFC0724743F9800BD5DB3 /* GuideStretch+DAOMapping.swift in Sources */,
				4FC820AF247BFCD9006DAFB4 /* KeychainStorage.swift in Sources */,
				4FC8204224792279006DAFB4 /* DashboardViewController.swift in Sources */,
				EC413FA324725F86000C5B29 /* ProfileViewController.swift in Sources */,
				4FC8202C247913E3006DAFB4 /* ScaledCollectionFlowLayout.swift in Sources */,
				4FCDFBFA2474317200BD5DB3 /* RecommendStretchExploreCollectionViewCell.swift in Sources */,
				4FBC0FC524653E930052DB8A /* AppDelegate.swift in Sources */,
				4FCDFC03247439B600BD5DB3 /* Stretch+DAOMapping.swift in Sources */,
				4FC8202F247918C2006DAFB4 /* String+Extension.swift in Sources */,
				4FC8203724791D44006DAFB4 /* CommonProfileCollectionViewCell.swift in Sources */,
				4FC8203F24791D5A006DAFB4 /* AccountProfileCollectionViewCell.swift in Sources */,
				4FCDFBF1247408F100BD5DB3 /* PracticeViewController.swift in Sources */,
				4FCDFC1B2474FDD500BD5DB3 /* GuidePageViewController.swift in Sources */,
				4FC8203B24791D50006DAFB4 /* SignOutProfileCollectionViewCell.swift in Sources */,
				4FCDFC0B2474900000BD5DB3 /* DefaultHeaderExploreCollectionReusableView.swift in Sources */,
				4FCDFBEA2474084800BD5DB3 /* ExploreViewController.swift in Sources */,
				4FC8202224790CCB006DAFB4 /* FilterPracticeCollectionViewCell.swift in Sources */,
				4FBC0FC724653E930052DB8A /* SceneDelegate.swift in Sources */,
				EC413FB824728950000C5B29 /* RewardViewCell.swift in Sources */,
				4FC82047247924BA006DAFB4 /* HeaderCommonProfileCollectionReusableView.swift in Sources */,
			);
			runOnlyForDeploymentPostprocessing = 0;
		};
/* End PBXSourcesBuildPhase section */

/* Begin XCBuildConfiguration section */
		4FBC0FD824653E950052DB8A /* Debug */ = {
			isa = XCBuildConfiguration;
			buildSettings = {
				ALWAYS_SEARCH_USER_PATHS = NO;
				CLANG_ANALYZER_NONNULL = YES;
				CLANG_ANALYZER_NUMBER_OBJECT_CONVERSION = YES_AGGRESSIVE;
				CLANG_CXX_LANGUAGE_STANDARD = "gnu++14";
				CLANG_CXX_LIBRARY = "libc++";
				CLANG_ENABLE_MODULES = YES;
				CLANG_ENABLE_OBJC_ARC = YES;
				CLANG_ENABLE_OBJC_WEAK = YES;
				CLANG_WARN_BLOCK_CAPTURE_AUTORELEASING = YES;
				CLANG_WARN_BOOL_CONVERSION = YES;
				CLANG_WARN_COMMA = YES;
				CLANG_WARN_CONSTANT_CONVERSION = YES;
				CLANG_WARN_DEPRECATED_OBJC_IMPLEMENTATIONS = YES;
				CLANG_WARN_DIRECT_OBJC_ISA_USAGE = YES_ERROR;
				CLANG_WARN_DOCUMENTATION_COMMENTS = YES;
				CLANG_WARN_EMPTY_BODY = YES;
				CLANG_WARN_ENUM_CONVERSION = YES;
				CLANG_WARN_INFINITE_RECURSION = YES;
				CLANG_WARN_INT_CONVERSION = YES;
				CLANG_WARN_NON_LITERAL_NULL_CONVERSION = YES;
				CLANG_WARN_OBJC_IMPLICIT_RETAIN_SELF = YES;
				CLANG_WARN_OBJC_LITERAL_CONVERSION = YES;
				CLANG_WARN_OBJC_ROOT_CLASS = YES_ERROR;
				CLANG_WARN_RANGE_LOOP_ANALYSIS = YES;
				CLANG_WARN_STRICT_PROTOTYPES = YES;
				CLANG_WARN_SUSPICIOUS_MOVE = YES;
				CLANG_WARN_UNGUARDED_AVAILABILITY = YES_AGGRESSIVE;
				CLANG_WARN_UNREACHABLE_CODE = YES;
				CLANG_WARN__DUPLICATE_METHOD_MATCH = YES;
				COPY_PHASE_STRIP = NO;
				DEBUG_INFORMATION_FORMAT = dwarf;
				ENABLE_STRICT_OBJC_MSGSEND = YES;
				ENABLE_TESTABILITY = YES;
				GCC_C_LANGUAGE_STANDARD = gnu11;
				GCC_DYNAMIC_NO_PIC = NO;
				GCC_NO_COMMON_BLOCKS = YES;
				GCC_OPTIMIZATION_LEVEL = 0;
				GCC_PREPROCESSOR_DEFINITIONS = (
					"DEBUG=1",
					"$(inherited)",
				);
				GCC_WARN_64_TO_32_BIT_CONVERSION = YES;
				GCC_WARN_ABOUT_RETURN_TYPE = YES_ERROR;
				GCC_WARN_UNDECLARED_SELECTOR = YES;
				GCC_WARN_UNINITIALIZED_AUTOS = YES_AGGRESSIVE;
				GCC_WARN_UNUSED_FUNCTION = YES;
				GCC_WARN_UNUSED_VARIABLE = YES;
				IPHONEOS_DEPLOYMENT_TARGET = 13.4;
				MTL_ENABLE_DEBUG_INFO = INCLUDE_SOURCE;
				MTL_FAST_MATH = YES;
				ONLY_ACTIVE_ARCH = YES;
				SDKROOT = iphoneos;
				SWIFT_ACTIVE_COMPILATION_CONDITIONS = DEBUG;
				SWIFT_OPTIMIZATION_LEVEL = "-Onone";
			};
			name = Debug;
		};
		4FBC0FD924653E950052DB8A /* Release */ = {
			isa = XCBuildConfiguration;
			buildSettings = {
				ALWAYS_SEARCH_USER_PATHS = NO;
				CLANG_ANALYZER_NONNULL = YES;
				CLANG_ANALYZER_NUMBER_OBJECT_CONVERSION = YES_AGGRESSIVE;
				CLANG_CXX_LANGUAGE_STANDARD = "gnu++14";
				CLANG_CXX_LIBRARY = "libc++";
				CLANG_ENABLE_MODULES = YES;
				CLANG_ENABLE_OBJC_ARC = YES;
				CLANG_ENABLE_OBJC_WEAK = YES;
				CLANG_WARN_BLOCK_CAPTURE_AUTORELEASING = YES;
				CLANG_WARN_BOOL_CONVERSION = YES;
				CLANG_WARN_COMMA = YES;
				CLANG_WARN_CONSTANT_CONVERSION = YES;
				CLANG_WARN_DEPRECATED_OBJC_IMPLEMENTATIONS = YES;
				CLANG_WARN_DIRECT_OBJC_ISA_USAGE = YES_ERROR;
				CLANG_WARN_DOCUMENTATION_COMMENTS = YES;
				CLANG_WARN_EMPTY_BODY = YES;
				CLANG_WARN_ENUM_CONVERSION = YES;
				CLANG_WARN_INFINITE_RECURSION = YES;
				CLANG_WARN_INT_CONVERSION = YES;
				CLANG_WARN_NON_LITERAL_NULL_CONVERSION = YES;
				CLANG_WARN_OBJC_IMPLICIT_RETAIN_SELF = YES;
				CLANG_WARN_OBJC_LITERAL_CONVERSION = YES;
				CLANG_WARN_OBJC_ROOT_CLASS = YES_ERROR;
				CLANG_WARN_RANGE_LOOP_ANALYSIS = YES;
				CLANG_WARN_STRICT_PROTOTYPES = YES;
				CLANG_WARN_SUSPICIOUS_MOVE = YES;
				CLANG_WARN_UNGUARDED_AVAILABILITY = YES_AGGRESSIVE;
				CLANG_WARN_UNREACHABLE_CODE = YES;
				CLANG_WARN__DUPLICATE_METHOD_MATCH = YES;
				COPY_PHASE_STRIP = NO;
				DEBUG_INFORMATION_FORMAT = "dwarf-with-dsym";
				ENABLE_NS_ASSERTIONS = NO;
				ENABLE_STRICT_OBJC_MSGSEND = YES;
				GCC_C_LANGUAGE_STANDARD = gnu11;
				GCC_NO_COMMON_BLOCKS = YES;
				GCC_WARN_64_TO_32_BIT_CONVERSION = YES;
				GCC_WARN_ABOUT_RETURN_TYPE = YES_ERROR;
				GCC_WARN_UNDECLARED_SELECTOR = YES;
				GCC_WARN_UNINITIALIZED_AUTOS = YES_AGGRESSIVE;
				GCC_WARN_UNUSED_FUNCTION = YES;
				GCC_WARN_UNUSED_VARIABLE = YES;
				IPHONEOS_DEPLOYMENT_TARGET = 13.4;
				MTL_ENABLE_DEBUG_INFO = NO;
				MTL_FAST_MATH = YES;
				SDKROOT = iphoneos;
				SWIFT_COMPILATION_MODE = wholemodule;
				SWIFT_OPTIMIZATION_LEVEL = "-O";
				VALIDATE_PRODUCT = YES;
			};
			name = Release;
		};
		4FBC0FDB24653E950052DB8A /* Debug */ = {
			isa = XCBuildConfiguration;
			buildSettings = {
				ASSETCATALOG_COMPILER_APPICON_NAME = AppIcon;
				CODE_SIGN_ENTITLEMENTS = Stretching/Stretching.entitlements;
				CODE_SIGN_STYLE = Automatic;
				DEVELOPMENT_TEAM = 5U7M39KWXM;
				INFOPLIST_FILE = "$(SRCROOT)/Stretching/Resources/Info.plist";
				LD_RUNPATH_SEARCH_PATHS = (
					"$(inherited)",
					"@executable_path/Frameworks",
				);
				MARKETING_VERSION = 0.0.1;
				PRODUCT_BUNDLE_IDENTIFIER = "com.ada.mc2-11.Stretching";
				PRODUCT_NAME = "$(TARGET_NAME)";
				SWIFT_VERSION = 5.0;
				TARGETED_DEVICE_FAMILY = 1;
			};
			name = Debug;
		};
		4FBC0FDC24653E950052DB8A /* Release */ = {
			isa = XCBuildConfiguration;
			buildSettings = {
				ASSETCATALOG_COMPILER_APPICON_NAME = AppIcon;
				CODE_SIGN_ENTITLEMENTS = Stretching/Stretching.entitlements;
				CODE_SIGN_STYLE = Automatic;
				DEVELOPMENT_TEAM = 5U7M39KWXM;
				INFOPLIST_FILE = "$(SRCROOT)/Stretching/Resources/Info.plist";
				LD_RUNPATH_SEARCH_PATHS = (
					"$(inherited)",
					"@executable_path/Frameworks",
				);
				MARKETING_VERSION = 0.0.1;
				PRODUCT_BUNDLE_IDENTIFIER = "com.ada.mc2-11.Stretching";
				PRODUCT_NAME = "$(TARGET_NAME)";
				SWIFT_VERSION = 5.0;
				TARGETED_DEVICE_FAMILY = 1;
			};
			name = Release;
		};
/* End XCBuildConfiguration section */

/* Begin XCConfigurationList section */
		4FBC0FBC24653E930052DB8A /* Build configuration list for PBXProject "Stretching" */ = {
			isa = XCConfigurationList;
			buildConfigurations = (
				4FBC0FD824653E950052DB8A /* Debug */,
				4FBC0FD924653E950052DB8A /* Release */,
			);
			defaultConfigurationIsVisible = 0;
			defaultConfigurationName = Release;
		};
		4FBC0FDA24653E950052DB8A /* Build configuration list for PBXNativeTarget "Stretching" */ = {
			isa = XCConfigurationList;
			buildConfigurations = (
				4FBC0FDB24653E950052DB8A /* Debug */,
				4FBC0FDC24653E950052DB8A /* Release */,
			);
			defaultConfigurationIsVisible = 0;
			defaultConfigurationName = Release;
		};
/* End XCConfigurationList section */

/* Begin XCVersionGroup section */
		4FBC0FCF24653E930052DB8A /* Stretching.xcdatamodeld */ = {
			isa = XCVersionGroup;
			children = (
				4FBC0FD024653E930052DB8A /* Stretching.xcdatamodel */,
			);
			currentVersion = 4FBC0FD024653E930052DB8A /* Stretching.xcdatamodel */;
			path = Stretching.xcdatamodeld;
			sourceTree = "<group>";
			versionGroupType = wrapper.xcdatamodel;
		};
/* End XCVersionGroup section */
	};
	rootObject = 4FBC0FB924653E930052DB8A /* Project object */;
}
